
Microsoft Visual Studio Solution File, Format Version 12.00
# Visual Studio Version 17
VisualStudioVersion = 17.10.35013.160
MinimumVisualStudioVersion = 10.0.40219.1
Project("{9A19103F-16F7-4668-BE54-9A1E7A4F7556}") = "EduWork.WebApi", "EduWork.WebApi\EduWork.WebApi.csproj", "{A3A0E8BA-2D95-4C60-9630-BFD54876929C}"
EndProject
Project("{9A19103F-16F7-4668-BE54-9A1E7A4F7556}") = "EduWork.DataAccessLayer", "EduWork.DataAccessLayer\EduWork.DataAccessLayer.csproj", "{6E252A7E-612F-4FF4-B224-F13BCFA20BF2}"
EndProject
Project("{9A19103F-16F7-4668-BE54-9A1E7A4F7556}") = "EduWork.BusinessLayer", "EduWork.BusinessLayer\EduWork.BusinessLayer.csproj", "{8C3B3BBF-90B1-4FBA-A536-8F8D7E9C004C}"
EndProject
Project("{9A19103F-16F7-4668-BE54-9A1E7A4F7556}") = "Common", "Common\Common.csproj", "{07F5FFFB-03C2-456F-A48C-D9539F3CE399}"
EndProject
Project("{9A19103F-16F7-4668-BE54-9A1E7A4F7556}") = "EduWork.UI", "EduWork.UI\EduWork.UI.csproj", "{1CD737F3-C7EC-40CA-81FF-ADA2629832C3}"
EndProject
Global
	GlobalSection(SolutionConfigurationPlatforms) = preSolution
		Debug|Any CPU = Debug|Any CPU
		Release|Any CPU = Release|Any CPU
	EndGlobalSection
	GlobalSection(ProjectConfigurationPlatforms) = postSolution
		{A3A0E8BA-2D95-4C60-9630-BFD54876929C}.Debug|Any CPU.ActiveCfg = Debug|Any CPU
		{A3A0E8BA-2D95-4C60-9630-BFD54876929C}.Debug|Any CPU.Build.0 = Debug|Any CPU
		{A3A0E8BA-2D95-4C60-9630-BFD54876929C}.Release|Any CPU.ActiveCfg = Release|Any CPU
		{A3A0E8BA-2D95-4C60-9630-BFD54876929C}.Release|Any CPU.Build.0 = Release|Any CPU
		{6E252A7E-612F-4FF4-B224-F13BCFA20BF2}.Debug|Any CPU.ActiveCfg = Debug|Any CPU
		{6E252A7E-612F-4FF4-B224-F13BCFA20BF2}.Debug|Any CPU.Build.0 = Debug|Any CPU
		{6E252A7E-612F-4FF4-B224-F13BCFA20BF2}.Release|Any CPU.ActiveCfg = Release|Any CPU
		{6E252A7E-612F-4FF4-B224-F13BCFA20BF2}.Release|Any CPU.Build.0 = Release|Any CPU
		{8C3B3BBF-90B1-4FBA-A536-8F8D7E9C004C}.Debug|Any CPU.ActiveCfg = Debug|Any CPU
		{8C3B3BBF-90B1-4FBA-A536-8F8D7E9C004C}.Debug|Any CPU.Build.0 = Debug|Any CPU
		{8C3B3BBF-90B1-4FBA-A536-8F8D7E9C004C}.Release|Any CPU.ActiveCfg = Release|Any CPU
		{8C3B3BBF-90B1-4FBA-A536-8F8D7E9C004C}.Release|Any CPU.Build.0 = Release|Any CPU
		{07F5FFFB-03C2-456F-A48C-D9539F3CE399}.Debug|Any CPU.ActiveCfg = Debug|Any CPU
		{07F5FFFB-03C2-456F-A48C-D9539F3CE399}.Debug|Any CPU.Build.0 = Debug|Any CPU
		{07F5FFFB-03C2-456F-A48C-D9539F3CE399}.Release|Any CPU.ActiveCfg = Release|Any CPU
		{07F5FFFB-03C2-456F-A48C-D9539F3CE399}.Release|Any CPU.Build.0 = Release|Any CPU
		{1CD737F3-C7EC-40CA-81FF-ADA2629832C3}.Debug|Any CPU.ActiveCfg = Debug|Any CPU
		{1CD737F3-C7EC-40CA-81FF-ADA2629832C3}.Debug|Any CPU.Build.0 = Debug|Any CPU
		{1CD737F3-C7EC-40CA-81FF-ADA2629832C3}.Release|Any CPU.ActiveCfg = Release|Any CPU
		{1CD737F3-C7EC-40CA-81FF-ADA2629832C3}.Release|Any CPU.Build.0 = Release|Any CPU
	EndGlobalSection
	GlobalSection(SolutionProperties) = preSolution
		HideSolutionNode = FALSE
	EndGlobalSection
	GlobalSection(ExtensibilityGlobals) = postSolution
		SolutionGuid = {67D0BD26-2DF6-476D-AB65-D3CE626F2D43}
	EndGlobalSection
EndGlobal
